{
  "requires": true,
  "lockfileVersion": 1,
  "dependencies": {
    "angular-material": {
      "version": "1.2.3",
      "resolved": "https://registry.npmjs.org/angular-material/-/angular-material-1.2.3.tgz",
      "integrity": "sha512-Xx5WC8OLbPmMegnl8Mrex5YtF/fEXwwxnESIeKQvyL6ljDeC41jrSxpYSiM3OUeoNY3ySE1G6M63up3IBsFzNQ=="
    }
  }
}
